
Microsoft Visual Studio Solution File, Format Version 12.00
# Visual Studio 2012
Project("{FAE04EC0-301F-11D3-BF4B-00C04F79EFBC}") = "MailGames", "MailGames\MailGames.csproj", "{E5CC5DCA-454A-4918-B8A2-20826FF35E8E}"
EndProject
Project("{FAE04EC0-301F-11D3-BF4B-00C04F79EFBC}") = "ChessTests", "ChessTests\ChessTests.csproj", "{B57A9F15-BEF9-45FC-B2CA-4D38136E674D}"
EndProject
Project("{FAE04EC0-301F-11D3-BF4B-00C04F79EFBC}") = "Chess", "Chess\Chess.csproj", "{59A497CF-3040-4285-9B13-55579E47B957}"
EndProject
Project("{FAE04EC0-301F-11D3-BF4B-00C04F79EFBC}") = "TicTacToe", "TicTacToe\TicTacToe.csproj", "{5FAE11F4-6467-49A6-AA45-30FAE05983F5}"
EndProject
Project("{FAE04EC0-301F-11D3-BF4B-00C04F79EFBC}") = "GameBase", "GameBase\GameBase.csproj", "{93D3A47B-BAF9-4886-878F-1B34C5EC31AA}"
EndProject
Project("{FAE04EC0-301F-11D3-BF4B-00C04F79EFBC}") = "TicTacToeTests", "TicTacToeTests\TicTacToeTests.csproj", "{98F6969B-74CD-485E-86BA-D201935EBEEC}"
EndProject
Project("{FAE04EC0-301F-11D3-BF4B-00C04F79EFBC}") = "Othello", "Othello\Othello.csproj", "{F4767625-C5D7-4E55-8F39-786F2CC5B632}"
EndProject
Project("{FAE04EC0-301F-11D3-BF4B-00C04F79EFBC}") = "OthelloTests", "OthelloTests\OthelloTests.csproj", "{A1939906-FECC-4AD6-9026-2195E3F8D19C}"
EndProject
Project("{FAE04EC0-301F-11D3-BF4B-00C04F79EFBC}") = "GameBaseTests", "GameBaseTests\GameBaseTests.csproj", "{86A23A49-E4A9-48F8-A177-498E3849150B}"
EndProject
Project("{FAE04EC0-301F-11D3-BF4B-00C04F79EFBC}") = "JapaneseWhist", "JapaneseWhist\JapaneseWhist.csproj", "{D4C06052-F025-4C91-A305-A2AE91D3C99B}"
EndProject
Project("{FAE04EC0-301F-11D3-BF4B-00C04F79EFBC}") = "JapaneseWhistTests", "JapaneseWhistTests\JapaneseWhistTests.csproj", "{A6FF88F8-A1E6-419D-8DA0-2E8658447036}"
EndProject
Global
	GlobalSection(SolutionConfigurationPlatforms) = preSolution
		Debug|Any CPU = Debug|Any CPU
		Release|Any CPU = Release|Any CPU
	EndGlobalSection
	GlobalSection(ProjectConfigurationPlatforms) = postSolution
		{E5CC5DCA-454A-4918-B8A2-20826FF35E8E}.Debug|Any CPU.ActiveCfg = Debug|Any CPU
		{E5CC5DCA-454A-4918-B8A2-20826FF35E8E}.Debug|Any CPU.Build.0 = Debug|Any CPU
		{E5CC5DCA-454A-4918-B8A2-20826FF35E8E}.Release|Any CPU.ActiveCfg = Release|Any CPU
		{E5CC5DCA-454A-4918-B8A2-20826FF35E8E}.Release|Any CPU.Build.0 = Release|Any CPU
		{B57A9F15-BEF9-45FC-B2CA-4D38136E674D}.Debug|Any CPU.ActiveCfg = Debug|Any CPU
		{B57A9F15-BEF9-45FC-B2CA-4D38136E674D}.Debug|Any CPU.Build.0 = Debug|Any CPU
		{B57A9F15-BEF9-45FC-B2CA-4D38136E674D}.Release|Any CPU.ActiveCfg = Release|Any CPU
		{B57A9F15-BEF9-45FC-B2CA-4D38136E674D}.Release|Any CPU.Build.0 = Release|Any CPU
		{59A497CF-3040-4285-9B13-55579E47B957}.Debug|Any CPU.ActiveCfg = Debug|Any CPU
		{59A497CF-3040-4285-9B13-55579E47B957}.Debug|Any CPU.Build.0 = Debug|Any CPU
		{59A497CF-3040-4285-9B13-55579E47B957}.Release|Any CPU.ActiveCfg = Release|Any CPU
		{59A497CF-3040-4285-9B13-55579E47B957}.Release|Any CPU.Build.0 = Release|Any CPU
		{5FAE11F4-6467-49A6-AA45-30FAE05983F5}.Debug|Any CPU.ActiveCfg = Debug|Any CPU
		{5FAE11F4-6467-49A6-AA45-30FAE05983F5}.Debug|Any CPU.Build.0 = Debug|Any CPU
		{5FAE11F4-6467-49A6-AA45-30FAE05983F5}.Release|Any CPU.ActiveCfg = Release|Any CPU
		{5FAE11F4-6467-49A6-AA45-30FAE05983F5}.Release|Any CPU.Build.0 = Release|Any CPU
		{93D3A47B-BAF9-4886-878F-1B34C5EC31AA}.Debug|Any CPU.ActiveCfg = Debug|Any CPU
		{93D3A47B-BAF9-4886-878F-1B34C5EC31AA}.Debug|Any CPU.Build.0 = Debug|Any CPU
		{93D3A47B-BAF9-4886-878F-1B34C5EC31AA}.Release|Any CPU.ActiveCfg = Release|Any CPU
		{93D3A47B-BAF9-4886-878F-1B34C5EC31AA}.Release|Any CPU.Build.0 = Release|Any CPU
		{98F6969B-74CD-485E-86BA-D201935EBEEC}.Debug|Any CPU.ActiveCfg = Debug|Any CPU
		{98F6969B-74CD-485E-86BA-D201935EBEEC}.Debug|Any CPU.Build.0 = Debug|Any CPU
		{98F6969B-74CD-485E-86BA-D201935EBEEC}.Release|Any CPU.ActiveCfg = Release|Any CPU
		{98F6969B-74CD-485E-86BA-D201935EBEEC}.Release|Any CPU.Build.0 = Release|Any CPU
		{F4767625-C5D7-4E55-8F39-786F2CC5B632}.Debug|Any CPU.ActiveCfg = Debug|Any CPU
		{F4767625-C5D7-4E55-8F39-786F2CC5B632}.Debug|Any CPU.Build.0 = Debug|Any CPU
		{F4767625-C5D7-4E55-8F39-786F2CC5B632}.Release|Any CPU.ActiveCfg = Release|Any CPU
		{F4767625-C5D7-4E55-8F39-786F2CC5B632}.Release|Any CPU.Build.0 = Release|Any CPU
		{A1939906-FECC-4AD6-9026-2195E3F8D19C}.Debug|Any CPU.ActiveCfg = Debug|Any CPU
		{A1939906-FECC-4AD6-9026-2195E3F8D19C}.Debug|Any CPU.Build.0 = Debug|Any CPU
		{A1939906-FECC-4AD6-9026-2195E3F8D19C}.Release|Any CPU.ActiveCfg = Release|Any CPU
		{A1939906-FECC-4AD6-9026-2195E3F8D19C}.Release|Any CPU.Build.0 = Release|Any CPU
		{86A23A49-E4A9-48F8-A177-498E3849150B}.Debug|Any CPU.ActiveCfg = Debug|Any CPU
		{86A23A49-E4A9-48F8-A177-498E3849150B}.Debug|Any CPU.Build.0 = Debug|Any CPU
		{86A23A49-E4A9-48F8-A177-498E3849150B}.Release|Any CPU.ActiveCfg = Release|Any CPU
		{86A23A49-E4A9-48F8-A177-498E3849150B}.Release|Any CPU.Build.0 = Release|Any CPU
		{D4C06052-F025-4C91-A305-A2AE91D3C99B}.Debug|Any CPU.ActiveCfg = Debug|Any CPU
		{D4C06052-F025-4C91-A305-A2AE91D3C99B}.Debug|Any CPU.Build.0 = Debug|Any CPU
		{D4C06052-F025-4C91-A305-A2AE91D3C99B}.Release|Any CPU.ActiveCfg = Release|Any CPU
		{D4C06052-F025-4C91-A305-A2AE91D3C99B}.Release|Any CPU.Build.0 = Release|Any CPU
		{A6FF88F8-A1E6-419D-8DA0-2E8658447036}.Debug|Any CPU.ActiveCfg = Debug|Any CPU
		{A6FF88F8-A1E6-419D-8DA0-2E8658447036}.Debug|Any CPU.Build.0 = Debug|Any CPU
		{A6FF88F8-A1E6-419D-8DA0-2E8658447036}.Release|Any CPU.ActiveCfg = Release|Any CPU
		{A6FF88F8-A1E6-419D-8DA0-2E8658447036}.Release|Any CPU.Build.0 = Release|Any CPU
	EndGlobalSection
	GlobalSection(SolutionProperties) = preSolution
		HideSolutionNode = FALSE
	EndGlobalSection
EndGlobal
